
Microsoft Visual Studio Solution File, Format Version 12.00
# Visual Studio Version 16
VisualStudioVersion = 16.0.31729.503
MinimumVisualStudioVersion = 10.0.40219.1
Project("{FAE04EC0-301F-11D3-BF4B-00C04F79EFBC}") = "AutoWifiConnect", "AutoWifiConnect.csproj", "{C14A135D-F877-409A-A982-8706BE2B71D2}"
EndProject
Global
	GlobalSection(SolutionConfigurationPlatforms) = preSolution
		Debug|Any CPU = Debug|Any CPU
		Release|Any CPU = Release|Any CPU
	EndGlobalSection
	GlobalSection(ProjectConfigurationPlatforms) = postSolution
		{C14A135D-F877-409A-A982-8706BE2B71D2}.Debug|Any CPU.ActiveCfg = Debug|Any CPU
		{C14A135D-F877-409A-A982-8706BE2B71D2}.Debug|Any CPU.Build.0 = Debug|Any CPU
		{C14A135D-F877-409A-A982-8706BE2B71D2}.Release|Any CPU.ActiveCfg = Release|Any CPU
		{C14A135D-F877-409A-A982-8706BE2B71D2}.Release|Any CPU.Build.0 = Release|Any CPU
	EndGlobalSection
	GlobalSection(SolutionProperties) = preSolution
		HideSolutionNode = FALSE
	EndGlobalSection
	GlobalSection(ExtensibilityGlobals) = postSolution
		SolutionGuid = {92FC3195-3959-4F4A-9F8E-533FA8DE10DE}
	EndGlobalSection
EndGlobal
